// !$*UTF8*$!
{
	archiveVersion = 1;
	classes = {
	};
	objectVersion = 50;
	objects = {

/* Begin PBXBuildFile section */
		A95267A88E9C9425720FDB1A /* Pods_Reachability_Demo.framework in Frameworks */ = {isa = PBXBuildFile; fileRef = C76C310EC448130311A168A0 /* Pods_Reachability_Demo.framework */; };
		DD111B2322E292E8008160F1 /* AppDelegate.swift in Sources */ = {isa = PBXBuildFile; fileRef = DD111B2222E292E8008160F1 /* AppDelegate.swift */; };
		DD111B2522E292E8008160F1 /* ViewController.swift in Sources */ = {isa = PBXBuildFile; fileRef = DD111B2422E292E8008160F1 /* ViewController.swift */; };
		DD111B2822E292E8008160F1 /* Main.storyboard in Resources */ = {isa = PBXBuildFile; fileRef = DD111B2622E292E8008160F1 /* Main.storyboard */; };
		DD111B2A22E292EA008160F1 /* Assets.xcassets in Resources */ = {isa = PBXBuildFile; fileRef = DD111B2922E292EA008160F1 /* Assets.xcassets */; };
		DD111B2D22E292EA008160F1 /* LaunchScreen.storyboard in Resources */ = {isa = PBXBuildFile; fileRef = DD111B2B22E292EA008160F1 /* LaunchScreen.storyboard */; };
		DD111B3D22E2B4AA008160F1 /* Reachability.swift in Sources */ = {isa = PBXBuildFile; fileRef = DD111B3C22E2B4AA008160F1 /* Reachability.swift */; };
/* End PBXBuildFile section */

/* Begin PBXFileReference section */
		47DE5001F9FC9FE9F0468D45 /* Pods-Reachability-Demo.debug.xcconfig */ = {isa = PBXFileReference; includeInIndex = 1; lastKnownFileType = text.xcconfig; name = "Pods-Reachability-Demo.debug.xcconfig"; path = "Target Support Files/Pods-Reachability-Demo/Pods-Reachability-Demo.debug.xcconfig"; sourceTree = "<group>"; };
		C76C310EC448130311A168A0 /* Pods_Reachability_Demo.framework */ = {isa = PBXFileReference; explicitFileType = wrapper.framework; includeInIndex = 0; path = Pods_Reachability_Demo.framework; sourceTree = BUILT_PRODUCTS_DIR; };
		DD111B1F22E292E8008160F1 /* Reachability-Demo.app */ = {isa = PBXFileReference; explicitFileType = wrapper.application; includeInIndex = 0; path = "Reachability-Demo.app"; sourceTree = BUILT_PRODUCTS_DIR; };
		DD111B2222E292E8008160F1 /* AppDelegate.swift */ = {isa = PBXFileReference; lastKnownFileType = sourcecode.swift; path = AppDelegate.swift; sourceTree = "<group>"; };
		DD111B2422E292E8008160F1 /* ViewController.swift */ = {isa = PBXFileReference; lastKnownFileType = sourcecode.swift; path = ViewController.swift; sourceTree = "<group>"; };
		DD111B2722E292E8008160F1 /* Base */ = {isa = PBXFileReference; lastKnownFileType = file.storyboard; name = Base; path = Base.lproj/Main.storyboard; sourceTree = "<group>"; };
		DD111B2922E292EA008160F1 /* Assets.xcassets */ = {isa = PBXFileReference; lastKnownFileType = folder.assetcatalog; path = Assets.xcassets; sourceTree = "<group>"; };
		DD111B2C22E292EA008160F1 /* Base */ = {isa = PBXFileReference; lastKnownFileType = file.storyboard; name = Base; path = Base.lproj/LaunchScreen.storyboard; sourceTree = "<group>"; };
		DD111B2E22E292EA008160F1 /* Info.plist */ = {isa = PBXFileReference; lastKnownFileType = text.plist.xml; path = Info.plist; sourceTree = "<group>"; };
		DD111B3C22E2B4AA008160F1 /* Reachability.swift */ = {isa = PBXFileReference; lastKnownFileType = sourcecode.swift; path = Reachability.swift; sourceTree = "<group>"; };
		F8C328339FB36A8AFCE19AD0 /* Pods-Reachability-Demo.release.xcconfig */ = {isa = PBXFileReference; includeInIndex = 1; lastKnownFileType = text.xcconfig; name = "Pods-Reachability-Demo.release.xcconfig"; path = "Target Support Files/Pods-Reachability-Demo/Pods-Reachability-Demo.release.xcconfig"; sourceTree = "<group>"; };
/* End PBXFileReference section */

/* Begin PBXFrameworksBuildPhase section */
		DD111B1C22E292E8008160F1 /* Frameworks */ = {
			isa = PBXFrameworksBuildPhase;
			buildActionMask = 2147483647;
			files = (
				A95267A88E9C9425720FDB1A /* Pods_Reachability_Demo.framework in Frameworks */,
			);
			runOnlyForDeploymentPostprocessing = 0;
		};
/* End PBXFrameworksBuildPhase section */

/* Begin PBXGroup section */
		C638B21E6A3D85BA7CF7346C /* Pods */ = {
			isa = PBXGroup;
			children = (
				47DE5001F9FC9FE9F0468D45 /* Pods-Reachability-Demo.debug.xcconfig */,
				F8C328339FB36A8AFCE19AD0 /* Pods-Reachability-Demo.release.xcconfig */,
			);
			name = Pods;
			path = Pods;
			sourceTree = "<group>";
		};
		DD111B1622E292E8008160F1 = {
			isa = PBXGroup;
			children = (
				DD111B2122E292E8008160F1 /* Reachability-Demo */,
				DD111B2022E292E8008160F1 /* Products */,
				C638B21E6A3D85BA7CF7346C /* Pods */,
				E1723622642F320FFFDEFFCC /* Frameworks */,
			);
			sourceTree = "<group>";
		};
		DD111B2022E292E8008160F1 /* Products */ = {
			isa = PBXGroup;
			children = (
				DD111B1F22E292E8008160F1 /* Reachability-Demo.app */,
			);
			name = Products;
			sourceTree = "<group>";
		};
		DD111B2122E292E8008160F1 /* Reachability-Demo */ = {
			isa = PBXGroup;
			children = (
				DD111B2222E292E8008160F1 /* AppDelegate.swift */,
				DD111B2422E292E8008160F1 /* ViewController.swift */,
				DD111B3C22E2B4AA008160F1 /* Reachability.swift */,
				DD111B2622E292E8008160F1 /* Main.storyboard */,
				DD111B2922E292EA008160F1 /* Assets.xcassets */,
				DD111B2B22E292EA008160F1 /* LaunchScreen.storyboard */,
				DD111B2E22E292EA008160F1 /* Info.plist */,
			);
			path = "Reachability-Demo";
			sourceTree = "<group>";
		};
		E1723622642F320FFFDEFFCC /* Frameworks */ = {
			isa = PBXGroup;
			children = (
				C76C310EC448130311A168A0 /* Pods_Reachability_Demo.framework */,
			);
			name = Frameworks;
			sourceTree = "<group>";
		};
/* End PBXGroup section */

/* Begin PBXNativeTarget section */
		DD111B1E22E292E8008160F1 /* Reachability-Demo */ = {
			isa = PBXNativeTarget;
			buildConfigurationList = DD111B3122E292EA008160F1 /* Build configuration list for PBXNativeTarget "Reachability-Demo" */;
			buildPhases = (
				078E72B0B3F8B25EAD4474D1 /* [CP] Check Pods Manifest.lock */,
				DD111B1B22E292E8008160F1 /* Sources */,
				DD111B1C22E292E8008160F1 /* Frameworks */,
				DD111B1D22E292E8008160F1 /* Resources */,
				F2F3293E513E0704D16AF66D /* [CP] Embed Pods Frameworks */,
			);
			buildRules = (
			);
			dependencies = (
			);
			name = "Reachability-Demo";
			productName = "Reachability-Demo";
			productReference = DD111B1F22E292E8008160F1 /* Reachability-Demo.app */;
			productType = "com.apple.product-type.application";
		};
/* End PBXNativeTarget section */

/* Begin PBXProject section */
		DD111B1722E292E8008160F1 /* Project object */ = {
			isa = PBXProject;
			attributes = {
				LastSwiftUpdateCheck = 1020;
				LastUpgradeCheck = 1020;
				ORGANIZATIONNAME = Minds;
				TargetAttributes = {
					DD111B1E22E292E8008160F1 = {
						CreatedOnToolsVersion = 10.2.1;
					};
				};
			};
			buildConfigurationList = DD111B1A22E292E8008160F1 /* Build configuration list for PBXProject "Reachability-Demo" */;
			compatibilityVersion = "Xcode 9.3";
			developmentRegion = en;
			hasScannedForEncodings = 0;
			knownRegions = (
				en,
				Base,
			);
			mainGroup = DD111B1622E292E8008160F1;
			productRefGroup = DD111B2022E292E8008160F1 /* Products */;
			projectDirPath = "";
			projectRoot = "";
			targets = (
				DD111B1E22E292E8008160F1 /* Reachability-Demo */,
			);
		};
/* End PBXProject section */

/* Begin PBXResourcesBuildPhase section */
		DD111B1D22E292E8008160F1 /* Resources */ = {
			isa = PBXResourcesBuildPhase;
			buildActionMask = 2147483647;
			files = (
				DD111B2D22E292EA008160F1 /* LaunchScreen.storyboard in Resources */,
				DD111B2A22E292EA008160F1 /* Assets.xcassets in Resources */,
				DD111B2822E292E8008160F1 /* Main.storyboard in Resources */,
			);
			runOnlyForDeploymentPostprocessing = 0;
		};
/* End PBXResourcesBuildPhase section */

/* Begin PBXShellScriptBuildPhase section */
		078E72B0B3F8B25EAD4474D1 /* [CP] Check Pods Manifest.lock */ = {
			isa = PBXShellScriptBuildPhase;
			buildActionMask = 2147483647;
			files = (
			);
			inputFileListPaths = (
			);
			inputPaths = (
				"${PODS_PODFILE_DIR_PATH}/Podfile.lock",
				"${PODS_ROOT}/Manifest.lock",
			);
			name = "[CP] Check Pods Manifest.lock";
			outputFileListPaths = (
			);
			outputPaths = (
				"$(DERIVED_FILE_DIR)/Pods-Reachability-Demo-checkManifestLockResult.txt",
			);
			runOnlyForDeploymentPostprocessing = 0;
			shellPath = /bin/sh;
			shellScript = "diff \"${PODS_PODFILE_DIR_PATH}/Podfile.lock\" \"${PODS_ROOT}/Manifest.lock\" > /dev/null\nif [ $? != 0 ] ; then\n    # print error to STDERR\n    echo \"error: The sandbox is not in sync with the Podfile.lock. Run 'pod install' or update your CocoaPods installation.\" >&2\n    exit 1\nfi\n# This output is used by Xcode 'outputs' to avoid re-running this script phase.\necho \"SUCCESS\" > \"${SCRIPT_OUTPUT_FILE_0}\"\n";
			showEnvVarsInLog = 0;
		};
		F2F3293E513E0704D16AF66D /* [CP] Embed Pods Frameworks */ = {
			isa = PBXShellScriptBuildPhase;
			buildActionMask = 2147483647;
			files = (
			);
			inputFileListPaths = (
				"${PODS_ROOT}/Target Support Files/Pods-Reachability-Demo/Pods-Reachability-Demo-frameworks-${CONFIGURATION}-input-files.xcfilelist",
			);
			name = "[CP] Embed Pods Frameworks";
			outputFileListPaths = (
				"${PODS_ROOT}/Target Support Files/Pods-Reachability-Demo/Pods-Reachability-Demo-frameworks-${CONFIGURATION}-output-files.xcfilelist",
			);
			runOnlyForDeploymentPostprocessing = 0;
			shellPath = /bin/sh;
			shellScript = "\"${PODS_ROOT}/Target Support Files/Pods-Reachability-Demo/Pods-Reachability-Demo-frameworks.sh\"\n";
			showEnvVarsInLog = 0;
		};
/* End PBXShellScriptBuildPhase section */

/* Begin PBXSourcesBuildPhase section */
		DD111B1B22E292E8008160F1 /* Sources */ = {
			isa = PBXSourcesBuildPhase;
			buildActionMask = 2147483647;
			files = (
				DD111B2522E292E8008160F1 /* ViewController.swift in Sources */,
				DD111B2322E292E8008160F1 /* AppDelegate.swift in Sources */,
				DD111B3D22E2B4AA008160F1 /* Reachability.swift in Sources */,
			);
			runOnlyForDeploymentPostprocessing = 0;
		};
/* End PBXSourcesBuildPhase section */

/* Begin PBXVariantGroup section */
		DD111B2622E292E8008160F1 /* Main.storyboard */ = {
			isa = PBXVariantGroup;
			children = (
				DD111B2722E292E8008160F1 /* Base */,
			);
			name = Main.storyboard;
			sourceTree = "<group>";
		};
		DD111B2B22E292EA008160F1 /* LaunchScreen.storyboard */ = {
			isa = PBXVariantGroup;
			children = (
				DD111B2C22E292EA008160F1 /* Base */,
			);
			name = LaunchScreen.storyboard;
			sourceTree = "<group>";
		};
/* End PBXVariantGroup section */

/* Begin XCBuildConfiguration section */
		DD111B2F22E292EA008160F1 /* Debug */ = {
			isa = XCBuildConfiguration;
			buildSettings = {
				ALWAYS_SEARCH_USER_PATHS = NO;
				CLANG_ANALYZER_NONNULL = YES;
				CLANG_ANALYZER_NUMBER_OBJECT_CONVERSION = YES_AGGRESSIVE;
				CLANG_CXX_LANGUAGE_STANDARD = "gnu++14";
				CLANG_CXX_LIBRARY = "libc++";
				CLANG_ENABLE_MODULES = YES;
				CLANG_ENABLE_OBJC_ARC = YES;
				CLANG_ENABLE_OBJC_WEAK = YES;
				CLANG_WARN_BLOCK_CAPTURE_AUTORELEASING = YES;
				CLANG_WARN_BOOL_CONVERSION = YES;
				CLANG_WARN_COMMA = YES;
				CLANG_WARN_CONSTANT_CONVERSION = YES;
				CLANG_WARN_DEPRECATED_OBJC_IMPLEMENTATIONS = YES;
				CLANG_WARN_DIRECT_OBJC_ISA_USAGE = YES_ERROR;
				CLANG_WARN_DOCUMENTATION_COMMENTS = YES;
				CLANG_WARN_EMPTY_BODY = YES;
				CLANG_WARN_ENUM_CONVERSION = YES;
				CLANG_WARN_INFINITE_RECURSION = YES;
				CLANG_WARN_INT_CONVERSION = YES;
				CLANG_WARN_NON_LITERAL_NULL_CONVERSION = YES;
				CLANG_WARN_OBJC_IMPLICIT_RETAIN_SELF = YES;
				CLANG_WARN_OBJC_LITERAL_CONVERSION = YES;
				CLANG_WARN_OBJC_ROOT_CLASS = YES_ERROR;
				CLANG_WARN_RANGE_LOOP_ANALYSIS = YES;
				CLANG_WARN_STRICT_PROTOTYPES = YES;
				CLANG_WARN_SUSPICIOUS_MOVE = YES;
				CLANG_WARN_UNGUARDED_AVAILABILITY = YES_AGGRESSIVE;
				CLANG_WARN_UNREACHABLE_CODE = YES;
				CLANG_WARN__DUPLICATE_METHOD_MATCH = YES;
				CODE_SIGN_IDENTITY = "iPhone Developer";
				COPY_PHASE_STRIP = NO;
				DEBUG_INFORMATION_FORMAT = dwarf;
				ENABLE_STRICT_OBJC_MSGSEND = YES;
				ENABLE_TESTABILITY = YES;
				GCC_C_LANGUAGE_STANDARD = gnu11;
				GCC_DYNAMIC_NO_PIC = NO;
				GCC_NO_COMMON_BLOCKS = YES;
				GCC_OPTIMIZATION_LEVEL = 0;
				GCC_PREPROCESSOR_DEFINITIONS = (
					"DEBUG=1",
					"$(inherited)",
				);
				GCC_WARN_64_TO_32_BIT_CONVERSION = YES;
				GCC_WARN_ABOUT_RETURN_TYPE = YES_ERROR;
				GCC_WARN_UNDECLARED_SELECTOR = YES;
				GCC_WARN_UNINITIALIZED_AUTOS = YES_AGGRESSIVE;
				GCC_WARN_UNUSED_FUNCTION = YES;
				GCC_WARN_UNUSED_VARIABLE = YES;
				IPHONEOS_DEPLOYMENT_TARGET = 12.2;
				MTL_ENABLE_DEBUG_INFO = INCLUDE_SOURCE;
				MTL_FAST_MATH = YES;
				ONLY_ACTIVE_ARCH = YES;
				SDKROOT = iphoneos;
				SWIFT_ACTIVE_COMPILATION_CONDITIONS = DEBUG;
				SWIFT_OPTIMIZATION_LEVEL = "-Onone";
			};
			name = Debug;
		};
		DD111B3022E292EA008160F1 /* Release */ = {
			isa = XCBuildConfiguration;
			buildSettings = {
				ALWAYS_SEARCH_USER_PATHS = NO;
				CLANG_ANALYZER_NONNULL = YES;
				CLANG_ANALYZER_NUMBER_OBJECT_CONVERSION = YES_AGGRESSIVE;
				CLANG_CXX_LANGUAGE_STANDARD = "gnu++14";
				CLANG_CXX_LIBRARY = "libc++";
				CLANG_ENABLE_MODULES = YES;
				CLANG_ENABLE_OBJC_ARC = YES;
				CLANG_ENABLE_OBJC_WEAK = YES;
				CLANG_WARN_BLOCK_CAPTURE_AUTORELEASING = YES;
				CLANG_WARN_BOOL_CONVERSION = YES;
				CLANG_WARN_COMMA = YES;
				CLANG_WARN_CONSTANT_CONVERSION = YES;
				CLANG_WARN_DEPRECATED_OBJC_IMPLEMENTATIONS = YES;
				CLANG_WARN_DIRECT_OBJC_ISA_USAGE = YES_ERROR;
				CLANG_WARN_DOCUMENTATION_COMMENTS = YES;
				CLANG_WARN_EMPTY_BODY = YES;
				CLANG_WARN_ENUM_CONVERSION = YES;
				CLANG_WARN_INFINITE_RECURSION = YES;
				CLANG_WARN_INT_CONVERSION = YES;
				CLANG_WARN_NON_LITERAL_NULL_CONVERSION = YES;
				CLANG_WARN_OBJC_IMPLICIT_RETAIN_SELF = YES;
				CLANG_WARN_OBJC_LITERAL_CONVERSION = YES;
				CLANG_WARN_OBJC_ROOT_CLASS = YES_ERROR;
				CLANG_WARN_RANGE_LOOP_ANALYSIS = YES;
				CLANG_WARN_STRICT_PROTOTYPES = YES;
				CLANG_WARN_SUSPICIOUS_MOVE = YES;
				CLANG_WARN_UNGUARDED_AVAILABILITY = YES_AGGRESSIVE;
				CLANG_WARN_UNREACHABLE_CODE = YES;
				CLANG_WARN__DUPLICATE_METHOD_MATCH = YES;
				CODE_SIGN_IDENTITY = "iPhone Developer";
				COPY_PHASE_STRIP = NO;
				DEBUG_INFORMATION_FORMAT = "dwarf-with-dsym";
				ENABLE_NS_ASSERTIONS = NO;
				ENABLE_STRICT_OBJC_MSGSEND = YES;
				GCC_C_LANGUAGE_STANDARD = gnu11;
				GCC_NO_COMMON_BLOCKS = YES;
				GCC_WARN_64_TO_32_BIT_CONVERSION = YES;
				GCC_WARN_ABOUT_RETURN_TYPE = YES_ERROR;
				GCC_WARN_UNDECLARED_SELECTOR = YES;
				GCC_WARN_UNINITIALIZED_AUTOS = YES_AGGRESSIVE;
				GCC_WARN_UNUSED_FUNCTION = YES;
				GCC_WARN_UNUSED_VARIABLE = YES;
				IPHONEOS_DEPLOYMENT_TARGET = 12.2;
				MTL_ENABLE_DEBUG_INFO = NO;
				MTL_FAST_MATH = YES;
				SDKROOT = iphoneos;
				SWIFT_COMPILATION_MODE = wholemodule;
				SWIFT_OPTIMIZATION_LEVEL = "-O";
				VALIDATE_PRODUCT = YES;
			};
			name = Release;
		};
		DD111B3222E292EA008160F1 /* Debug */ = {
			isa = XCBuildConfiguration;
			baseConfigurationReference = 47DE5001F9FC9FE9F0468D45 /* Pods-Reachability-Demo.debug.xcconfig */;
			buildSettings = {
				ASSETCATALOG_COMPILER_APPICON_NAME = AppIcon;
				CODE_SIGN_STYLE = Automatic;
				DEVELOPMENT_TEAM = F6A4DNKAZ6;
				INFOPLIST_FILE = "Reachability-Demo/Info.plist";
				LD_RUNPATH_SEARCH_PATHS = (
					"$(inherited)",
					"@executable_path/Frameworks",
				);
				PRODUCT_BUNDLE_IDENTIFIER = "hassan.Reachability-Demo";
				PRODUCT_NAME = "$(TARGET_NAME)";
				SWIFT_VERSION = 5.0;
				TARGETED_DEVICE_FAMILY = "1,2";
			};
			name = Debug;
		};
		DD111B3322E292EA008160F1 /* Release */ = {
			isa = XCBuildConfiguration;
			baseConfigurationReference = F8C328339FB36A8AFCE19AD0 /* Pods-Reachability-Demo.release.xcconfig */;
			buildSettings = {
				ASSETCATALOG_COMPILER_APPICON_NAME = AppIcon;
				CODE_SIGN_STYLE = Automatic;
				DEVELOPMENT_TEAM = F6A4DNKAZ6;
				INFOPLIST_FILE = "Reachability-Demo/Info.plist";
				LD_RUNPATH_SEARCH_PATHS = (
					"$(inherited)",
					"@executable_path/Frameworks",
				);
				PRODUCT_BUNDLE_IDENTIFIER = "hassan.Reachability-Demo";
				PRODUCT_NAME = "$(TARGET_NAME)";
				SWIFT_VERSION = 5.0;
				TARGETED_DEVICE_FAMILY = "1,2";
			};
			name = Release;
		};
/* End XCBuildConfiguration section */

/* Begin XCConfigurationList section */
		DD111B1A22E292E8008160F1 /* Build configuration list for PBXProject "Reachability-Demo" */ = {
			isa = XCConfigurationList;
			buildConfigurations = (
				DD111B2F22E292EA008160F1 /* Debug */,
				DD111B3022E292EA008160F1 /* Release */,
			);
			defaultConfigurationIsVisible = 0;
			defaultConfigurationName = Release;
		};
		DD111B3122E292EA008160F1 /* Build configuration list for PBXNativeTarget "Reachability-Demo" */ = {
			isa = XCConfigurationList;
			buildConfigurations = (
				DD111B3222E292EA008160F1 /* Debug */,
				DD111B3322E292EA008160F1 /* Release */,
			);
			defaultConfigurationIsVisible = 0;
			defaultConfigurationName = Release;
		};
/* End XCConfigurationList section */
	};
	rootObject = DD111B1722E292E8008160F1 /* Project object */;
}
